
Microsoft Visual Studio Solution File, Format Version 12.00
# Visual Studio Version 16
VisualStudioVersion = 16.0.30406.217
MinimumVisualStudioVersion = 10.0.40219.1
Project("{FAE04EC0-301F-11D3-BF4B-00C04F79EFBC}") = "VoiceToMediaActivation", "VoiceToMediaActivation\VoiceToMediaActivation.csproj", "{DD48FE18-5862-4BE2-8000-3E4ECCF7D41D}"
EndProject
Global
	GlobalSection(SolutionConfigurationPlatforms) = preSolution
		Debug|Any CPU = Debug|Any CPU
		Release|Any CPU = Release|Any CPU
	EndGlobalSection
	GlobalSection(ProjectConfigurationPlatforms) = postSolution
		{DD48FE18-5862-4BE2-8000-3E4ECCF7D41D}.Debug|Any CPU.ActiveCfg = Debug|Any CPU
		{DD48FE18-5862-4BE2-8000-3E4ECCF7D41D}.Debug|Any CPU.Build.0 = Debug|Any CPU
		{DD48FE18-5862-4BE2-8000-3E4ECCF7D41D}.Release|Any CPU.ActiveCfg = Release|Any CPU
		{DD48FE18-5862-4BE2-8000-3E4ECCF7D41D}.Release|Any CPU.Build.0 = Release|Any CPU
	EndGlobalSection
	GlobalSection(SolutionProperties) = preSolution
		HideSolutionNode = FALSE
	EndGlobalSection
	GlobalSection(ExtensibilityGlobals) = postSolution
		SolutionGuid = {CC4F2996-8ED6-4FAA-9EE4-8BF61FF1F1B9}
	EndGlobalSection
EndGlobal
